
Microsoft Visual Studio Solution File, Format Version 12.00
# Visual Studio Version 17
VisualStudioVersion = 17.9.34622.214
MinimumVisualStudioVersion = 10.0.40219.1
Project("{FAE04EC0-301F-11D3-BF4B-00C04F79EFBC}") = "CookingApp", "CookingApp.csproj", "{663DFF4C-237D-4242-831E-D545502FF255}"
EndProject
Global
	GlobalSection(SolutionConfigurationPlatforms) = preSolution
		Debug|Any CPU = Debug|Any CPU
		Release|Any CPU = Release|Any CPU
	EndGlobalSection
	GlobalSection(ProjectConfigurationPlatforms) = postSolution
		{663DFF4C-237D-4242-831E-D545502FF255}.Debug|Any CPU.ActiveCfg = Debug|Any CPU
		{663DFF4C-237D-4242-831E-D545502FF255}.Debug|Any CPU.Build.0 = Debug|Any CPU
		{663DFF4C-237D-4242-831E-D545502FF255}.Release|Any CPU.ActiveCfg = Release|Any CPU
		{663DFF4C-237D-4242-831E-D545502FF255}.Release|Any CPU.Build.0 = Release|Any CPU
	EndGlobalSection
	GlobalSection(SolutionProperties) = preSolution
		HideSolutionNode = FALSE
	EndGlobalSection
	GlobalSection(ExtensibilityGlobals) = postSolution
		SolutionGuid = {E82B8B24-FBC5-4C30-BBAF-171D672F8599}
	EndGlobalSection
EndGlobal
